{
  "name": "eslint-config-outfunnel",
  "version": "1.0.3",
  "lockfileVersion": 1,
  "requires": true,
  "dependencies": {
    "confusing-browser-globals": {
      "version": "1.0.8",
      "resolved": "https://registry.npmjs.org/confusing-browser-globals/-/confusing-browser-globals-1.0.8.tgz",
      "integrity": "sha512-lI7asCibVJ6Qd3FGU7mu4sfG4try4LX3+GVS+Gv8UlrEf2AeW57piecapnog2UHZSbcX/P/1UDWVaTsblowlZg=="
    }
  }
}
